
Microsoft Visual Studio Solution File, Format Version 12.00
Project("{2150E333-8FDC-42A3-9474-1A3956D46DE8}") = "Solution Items", "Solution Items", "{8020FA42-ECF5-4D26-9268-BA0C96BA4B1E}"
	ProjectSection(SolutionItems) = preProject
		.editorconfig = .editorconfig
		Directory.Build.props = Directory.Build.props
		Machinery.sln.DotSettings = Machinery.sln.DotSettings
		README.md = README.md
		CHANGELOG.md = CHANGELOG.md
	EndProjectSection
EndProject
Project("{2150E333-8FDC-42A3-9474-1A3956D46DE8}") = "src", "src", "{D865A3DD-72FF-43BE-AD03-BA980DEFF126}"
EndProject
Project("{FAE04EC0-301F-11D3-BF4B-00C04F79EFBC}") = "Machinery", "src\Machinery\Machinery.csproj", "{0CB0C32A-345A-4724-9581-2DC0C1D1E10E}"
EndProject
Project("{2150E333-8FDC-42A3-9474-1A3956D46DE8}") = "samples", "samples", "{402E8D07-3266-43CC-936C-A3E5ADA3AFA4}"
EndProject
Project("{FAE04EC0-301F-11D3-BF4B-00C04F79EFBC}") = "Machinery.MonomorphicValueStateDemo", "samples\Machinery.MonomorphicValueStateDemo\Machinery.MonomorphicValueStateDemo.csproj", "{38F8E8C6-6DE5-4449-BF8D-01FF6873379D}"
EndProject
Project("{FAE04EC0-301F-11D3-BF4B-00C04F79EFBC}") = "Machinery.PolymorphicReferenceStateDemo", "samples\Machinery.PolymorphicReferenceStateDemo\Machinery.PolymorphicReferenceStateDemo.csproj", "{D7E6092F-4079-41D8-8B63-50927EDF1EAA}"
EndProject
Project("{FAE04EC0-301F-11D3-BF4B-00C04F79EFBC}") = "Machinery.PolymorphicValueStateDemo", "samples\Machinery.PolymorphicValueStateDemo\Machinery.PolymorphicValueStateDemo.csproj", "{D73121B4-5EDF-47A6-AC32-EDBEB0227A6D}"
EndProject
Project("{FAE04EC0-301F-11D3-BF4B-00C04F79EFBC}") = "Machinery.State2Demo", "samples\Machinery.State2Demo\Machinery.State2Demo.csproj", "{7EDC4374-C605-4027-994C-38B92A1395F4}"
EndProject
Project("{D954291E-2A0B-460D-934E-DC6B0785DB48}") = "Machinery.Nullable", "src\Machinery.Nullable\Machinery.Nullable.shproj", "{44C29B18-1DC4-41CE-98F2-13657C3FC1D7}"
EndProject
Global
	GlobalSection(SolutionConfigurationPlatforms) = preSolution
		Debug|Any CPU = Debug|Any CPU
		Release|Any CPU = Release|Any CPU
	EndGlobalSection
	GlobalSection(NestedProjects) = preSolution
		{0CB0C32A-345A-4724-9581-2DC0C1D1E10E} = {D865A3DD-72FF-43BE-AD03-BA980DEFF126}
		{38F8E8C6-6DE5-4449-BF8D-01FF6873379D} = {402E8D07-3266-43CC-936C-A3E5ADA3AFA4}
		{D7E6092F-4079-41D8-8B63-50927EDF1EAA} = {402E8D07-3266-43CC-936C-A3E5ADA3AFA4}
		{D73121B4-5EDF-47A6-AC32-EDBEB0227A6D} = {402E8D07-3266-43CC-936C-A3E5ADA3AFA4}
		{7EDC4374-C605-4027-994C-38B92A1395F4} = {402E8D07-3266-43CC-936C-A3E5ADA3AFA4}
		{44C29B18-1DC4-41CE-98F2-13657C3FC1D7} = {D865A3DD-72FF-43BE-AD03-BA980DEFF126}
	EndGlobalSection
	GlobalSection(ProjectConfigurationPlatforms) = postSolution
		{0CB0C32A-345A-4724-9581-2DC0C1D1E10E}.Debug|Any CPU.ActiveCfg = Debug|Any CPU
		{0CB0C32A-345A-4724-9581-2DC0C1D1E10E}.Debug|Any CPU.Build.0 = Debug|Any CPU
		{0CB0C32A-345A-4724-9581-2DC0C1D1E10E}.Release|Any CPU.ActiveCfg = Release|Any CPU
		{0CB0C32A-345A-4724-9581-2DC0C1D1E10E}.Release|Any CPU.Build.0 = Release|Any CPU
		{38F8E8C6-6DE5-4449-BF8D-01FF6873379D}.Debug|Any CPU.ActiveCfg = Debug|Any CPU
		{38F8E8C6-6DE5-4449-BF8D-01FF6873379D}.Debug|Any CPU.Build.0 = Debug|Any CPU
		{38F8E8C6-6DE5-4449-BF8D-01FF6873379D}.Release|Any CPU.ActiveCfg = Release|Any CPU
		{38F8E8C6-6DE5-4449-BF8D-01FF6873379D}.Release|Any CPU.Build.0 = Release|Any CPU
		{D7E6092F-4079-41D8-8B63-50927EDF1EAA}.Debug|Any CPU.ActiveCfg = Debug|Any CPU
		{D7E6092F-4079-41D8-8B63-50927EDF1EAA}.Debug|Any CPU.Build.0 = Debug|Any CPU
		{D7E6092F-4079-41D8-8B63-50927EDF1EAA}.Release|Any CPU.ActiveCfg = Release|Any CPU
		{D7E6092F-4079-41D8-8B63-50927EDF1EAA}.Release|Any CPU.Build.0 = Release|Any CPU
		{D73121B4-5EDF-47A6-AC32-EDBEB0227A6D}.Debug|Any CPU.ActiveCfg = Debug|Any CPU
		{D73121B4-5EDF-47A6-AC32-EDBEB0227A6D}.Debug|Any CPU.Build.0 = Debug|Any CPU
		{D73121B4-5EDF-47A6-AC32-EDBEB0227A6D}.Release|Any CPU.ActiveCfg = Release|Any CPU
		{D73121B4-5EDF-47A6-AC32-EDBEB0227A6D}.Release|Any CPU.Build.0 = Release|Any CPU
		{7EDC4374-C605-4027-994C-38B92A1395F4}.Debug|Any CPU.ActiveCfg = Debug|Any CPU
		{7EDC4374-C605-4027-994C-38B92A1395F4}.Debug|Any CPU.Build.0 = Debug|Any CPU
		{7EDC4374-C605-4027-994C-38B92A1395F4}.Release|Any CPU.ActiveCfg = Release|Any CPU
		{7EDC4374-C605-4027-994C-38B92A1395F4}.Release|Any CPU.Build.0 = Release|Any CPU
	EndGlobalSection
EndGlobal
